
Microsoft Visual Studio Solution File, Format Version 12.00
# Visual Studio Version 17
VisualStudioVersion = 17.3.32929.385
MinimumVisualStudioVersion = 10.0.40219.1
Project("{9A19103F-16F7-4668-BE54-9A1E7A4F7556}") = "AV.Household.WebServer.Extensions", "src\WebServer.Extensions\AV.Household.WebServer.Extensions.csproj", "{DCC41669-2504-4403-B8B2-212430B05166}"
EndProject
Project("{2150E333-8FDC-42A3-9474-1A3956D46DE8}") = "docs", "docs", "{901ECD09-EFBD-42CF-8829-FB9710113072}"
	ProjectSection(SolutionItems) = preProject
		LICENSE = LICENSE
		README.md = README.md
	EndProjectSection
EndProject
Project("{FAE04EC0-301F-11D3-BF4B-00C04F79EFBC}") = "AV.Household.WebServer.Testing", "src\WebServer.Testing\AV.Household.WebServer.Testing.csproj", "{9ABB5F91-BCFB-4CDF-9C7A-9006DD2C1F75}"
EndProject
Project("{FAE04EC0-301F-11D3-BF4B-00C04F79EFBC}") = "AV.Household.Commons", "src\Commons\AV.Household.Commons.csproj", "{175C5949-72E7-41C5-868D-6CD46514C6DF}"
EndProject
Project("{2150E333-8FDC-42A3-9474-1A3956D46DE8}") = ".nuget", ".nuget", "{F0159DCD-5E48-4376-8CB2-CDDCA14CCA57}"
	ProjectSection(SolutionItems) = preProject
		nuget.config = nuget.config
	EndProjectSection
EndProject
Project("{FAE04EC0-301F-11D3-BF4B-00C04F79EFBC}") = "AV.Household.WebClient", "src\WebClient\AV.Household.WebClient.csproj", "{1C06C4DF-8560-4658-A617-3CF8B4779CE2}"
EndProject
Project("{FAE04EC0-301F-11D3-BF4B-00C04F79EFBC}") = "AV.Household.WebClient.Sample", "src\WebClient.Sample\AV.Household.WebClient.Sample.csproj", "{9332D99C-0D0A-4E0C-A976-4B0E2522F6B8}"
EndProject
Global
	GlobalSection(SolutionConfigurationPlatforms) = preSolution
		Debug|Any CPU = Debug|Any CPU
		Release|Any CPU = Release|Any CPU
	EndGlobalSection
	GlobalSection(ProjectConfigurationPlatforms) = postSolution
		{DCC41669-2504-4403-B8B2-212430B05166}.Debug|Any CPU.ActiveCfg = Debug|Any CPU
		{DCC41669-2504-4403-B8B2-212430B05166}.Debug|Any CPU.Build.0 = Debug|Any CPU
		{DCC41669-2504-4403-B8B2-212430B05166}.Release|Any CPU.ActiveCfg = Release|Any CPU
		{DCC41669-2504-4403-B8B2-212430B05166}.Release|Any CPU.Build.0 = Release|Any CPU
		{9ABB5F91-BCFB-4CDF-9C7A-9006DD2C1F75}.Debug|Any CPU.ActiveCfg = Debug|Any CPU
		{9ABB5F91-BCFB-4CDF-9C7A-9006DD2C1F75}.Debug|Any CPU.Build.0 = Debug|Any CPU
		{9ABB5F91-BCFB-4CDF-9C7A-9006DD2C1F75}.Release|Any CPU.ActiveCfg = Release|Any CPU
		{9ABB5F91-BCFB-4CDF-9C7A-9006DD2C1F75}.Release|Any CPU.Build.0 = Release|Any CPU
		{175C5949-72E7-41C5-868D-6CD46514C6DF}.Debug|Any CPU.ActiveCfg = Debug|Any CPU
		{175C5949-72E7-41C5-868D-6CD46514C6DF}.Debug|Any CPU.Build.0 = Debug|Any CPU
		{175C5949-72E7-41C5-868D-6CD46514C6DF}.Release|Any CPU.ActiveCfg = Release|Any CPU
		{175C5949-72E7-41C5-868D-6CD46514C6DF}.Release|Any CPU.Build.0 = Release|Any CPU
		{1C06C4DF-8560-4658-A617-3CF8B4779CE2}.Debug|Any CPU.ActiveCfg = Debug|Any CPU
		{1C06C4DF-8560-4658-A617-3CF8B4779CE2}.Debug|Any CPU.Build.0 = Debug|Any CPU
		{1C06C4DF-8560-4658-A617-3CF8B4779CE2}.Release|Any CPU.ActiveCfg = Release|Any CPU
		{1C06C4DF-8560-4658-A617-3CF8B4779CE2}.Release|Any CPU.Build.0 = Release|Any CPU
		{9332D99C-0D0A-4E0C-A976-4B0E2522F6B8}.Debug|Any CPU.ActiveCfg = Debug|Any CPU
		{9332D99C-0D0A-4E0C-A976-4B0E2522F6B8}.Debug|Any CPU.Build.0 = Debug|Any CPU
		{9332D99C-0D0A-4E0C-A976-4B0E2522F6B8}.Release|Any CPU.ActiveCfg = Release|Any CPU
		{9332D99C-0D0A-4E0C-A976-4B0E2522F6B8}.Release|Any CPU.Build.0 = Release|Any CPU
	EndGlobalSection
	GlobalSection(SolutionProperties) = preSolution
		HideSolutionNode = FALSE
	EndGlobalSection
	GlobalSection(ExtensibilityGlobals) = postSolution
		SolutionGuid = {D3BF290C-172E-4EB3-9287-3E7F31E7FF04}
	EndGlobalSection
EndGlobal
